Microsoft Visual Studio Solution File, Format Version 12.00
# Visual Studio 2012
Project("{FAE04EC0-301F-11D3-BF4B-00C04F79EFBC}") = "Sts2ModAlice", "Sts2ModAlice.csproj", "{F3ABD26F-9D1E-4D77-BFF0-2EF72BEDCDC1}"
EndProject
Global
	GlobalSection(SolutionConfigurationPlatforms) = preSolution
	Debug|Any CPU = Debug|Any CPU
	ExportDebug|Any CPU = ExportDebug|Any CPU
	ExportRelease|Any CPU = ExportRelease|Any CPU
	EndGlobalSection
	GlobalSection(ProjectConfigurationPlatforms) = postSolution
		{F3ABD26F-9D1E-4D77-BFF0-2EF72BEDCDC1}.Debug|Any CPU.ActiveCfg = Debug|Any CPU
		{F3ABD26F-9D1E-4D77-BFF0-2EF72BEDCDC1}.Debug|Any CPU.Build.0 = Debug|Any CPU
		{F3ABD26F-9D1E-4D77-BFF0-2EF72BEDCDC1}.ExportDebug|Any CPU.ActiveCfg = ExportDebug|Any CPU
		{F3ABD26F-9D1E-4D77-BFF0-2EF72BEDCDC1}.ExportDebug|Any CPU.Build.0 = ExportDebug|Any CPU
		{F3ABD26F-9D1E-4D77-BFF0-2EF72BEDCDC1}.ExportRelease|Any CPU.ActiveCfg = ExportRelease|Any CPU
		{F3ABD26F-9D1E-4D77-BFF0-2EF72BEDCDC1}.ExportRelease|Any CPU.Build.0 = ExportRelease|Any CPU
	EndGlobalSection
EndGlobal
